#
# This file is autogenerated by pip-compile with Python 3.11
# by the following command:
#
#    pip-compile --no-index --output-file=requirements.lock pyproject.toml
#
certifi==2026.7.22
    # via requests
charset-normalizer==3.5.1
    # via requests
cloudpickle==3.1.2
    # via joblib
idna==3.19
    # via requests
joblib==1.6.0
    # via
    #   caddack (pyproject.toml)
    #   scikit-learn
narwhals==2.26.0
    # via scikit-learn
numpy==2.4.6
    # via
    #   caddack (pyproject.toml)
    #   pandas
    #   scikit-learn
    #   scipy
pandas==3.0.5
    # via caddack (pyproject.toml)
python-dateutil==2.9.0.post0
    # via pandas
requests==2.34.2
    # via caddack (pyproject.toml)
scikit-learn==1.9.0
    # via caddack (pyproject.toml)
scipy==1.17.1
    # via scikit-learn
six==1.17.0
    # via python-dateutil
threadpoolctl==3.6.0
    # via scikit-learn
urllib3==2.7.0
    # via requests
